
Microsoft Visual Studio Solution File, Format Version 12.00
# Visual Studio Version 16
VisualStudioVersion = 16.0.29728.190
MinimumVisualStudioVersion = 10.0.40219.1
Project("{FAE04EC0-301F-11D3-BF4B-00C04F79EFBC}") = "Andrew.DiscountDemo", "Andrew.DiscountDemo.csproj", "{4A100A5B-4CC0-493D-918B-E19A81AE1AEE}"
EndProject
Global
	GlobalSection(SolutionConfigurationPlatforms) = preSolution
		Debug|Any CPU = Debug|Any CPU
		Release|Any CPU = Release|Any CPU
	EndGlobalSection
	GlobalSection(ProjectConfigurationPlatforms) = postSolution
		{4A100A5B-4CC0-493D-918B-E19A81AE1AEE}.Debug|Any CPU.ActiveCfg = Debug|Any CPU
		{4A100A5B-4CC0-493D-918B-E19A81AE1AEE}.Debug|Any CPU.Build.0 = Debug|Any CPU
		{4A100A5B-4CC0-493D-918B-E19A81AE1AEE}.Release|Any CPU.ActiveCfg = Release|Any CPU
		{4A100A5B-4CC0-493D-918B-E19A81AE1AEE}.Release|Any CPU.Build.0 = Release|Any CPU
	EndGlobalSection
	GlobalSection(SolutionProperties) = preSolution
		HideSolutionNode = FALSE
	EndGlobalSection
	GlobalSection(ExtensibilityGlobals) = postSolution
		SolutionGuid = {FD4CB8CD-F910-4A44-B83D-E98DDB0D6B78}
	EndGlobalSection
EndGlobal
